
Microsoft Visual Studio Solution File, Format Version 12.00
# Visual Studio Version 16
VisualStudioVersion = 16.0.30011.22
MinimumVisualStudioVersion = 10.0.40219.1
Project("{FAE04EC0-301F-11D3-BF4B-00C04F79EFBC}") = "ChoholicsAnonymous", "ChoholicsAnonymous\ChoholicsAnonymous.csproj", "{85A8861B-E01F-49DE-A722-3B5F74B6A4F6}"
EndProject
Global
	GlobalSection(SolutionConfigurationPlatforms) = preSolution
		Debug|Any CPU = Debug|Any CPU
		Release|Any CPU = Release|Any CPU
	EndGlobalSection
	GlobalSection(ProjectConfigurationPlatforms) = postSolution
		{85A8861B-E01F-49DE-A722-3B5F74B6A4F6}.Debug|Any CPU.ActiveCfg = Debug|Any CPU
		{85A8861B-E01F-49DE-A722-3B5F74B6A4F6}.Debug|Any CPU.Build.0 = Debug|Any CPU
		{85A8861B-E01F-49DE-A722-3B5F74B6A4F6}.Release|Any CPU.ActiveCfg = Release|Any CPU
		{85A8861B-E01F-49DE-A722-3B5F74B6A4F6}.Release|Any CPU.Build.0 = Release|Any CPU
	EndGlobalSection
	GlobalSection(SolutionProperties) = preSolution
		HideSolutionNode = FALSE
	EndGlobalSection
	GlobalSection(ExtensibilityGlobals) = postSolution
		SolutionGuid = {CFBBFA98-FBC7-4056-870A-DC94B7988259}
	EndGlobalSection
EndGlobal
